
Microsoft Visual Studio Solution File, Format Version 12.00
# Visual Studio Version 17
VisualStudioVersion = 17.7.34031.279
MinimumVisualStudioVersion = 10.0.40219.1
Project("{FAE04EC0-301F-11D3-BF4B-00C04F79EFBC}") = "UnitTestProjectTipograf", "UnitTestProjectTipograf\UnitTestProjectTipograf.csproj", "{26A4BAF4-8248-46FB-B7E2-5A2AB55C0ABD}"
EndProject
Global
	GlobalSection(SolutionConfigurationPlatforms) = preSolution
		Debug|Any CPU = Debug|Any CPU
		Release|Any CPU = Release|Any CPU
	EndGlobalSection
	GlobalSection(ProjectConfigurationPlatforms) = postSolution
		{26A4BAF4-8248-46FB-B7E2-5A2AB55C0ABD}.Debug|Any CPU.ActiveCfg = Debug|Any CPU
		{26A4BAF4-8248-46FB-B7E2-5A2AB55C0ABD}.Debug|Any CPU.Build.0 = Debug|Any CPU
		{26A4BAF4-8248-46FB-B7E2-5A2AB55C0ABD}.Release|Any CPU.ActiveCfg = Release|Any CPU
		{26A4BAF4-8248-46FB-B7E2-5A2AB55C0ABD}.Release|Any CPU.Build.0 = Release|Any CPU
	EndGlobalSection
	GlobalSection(SolutionProperties) = preSolution
		HideSolutionNode = FALSE
	EndGlobalSection
	GlobalSection(ExtensibilityGlobals) = postSolution
		SolutionGuid = {8FCC8AA3-F26B-4EB5-B321-5F6CD275981A}
	EndGlobalSection
EndGlobal
